
Microsoft Visual Studio Solution File, Format Version 12.00
# Visual Studio Version 17
VisualStudioVersion = 17.9.34728.123
MinimumVisualStudioVersion = 10.0.40219.1
Project("{FAE04EC0-301F-11D3-BF4B-00C04F79EFBC}") = "Studentcontroller", "Studentcontroller\Studentcontroller.csproj", "{16E90417-8ED2-45F0-A489-F57F76DF8ED8}"
EndProject
Global
	GlobalSection(SolutionConfigurationPlatforms) = preSolution
		Debug|Any CPU = Debug|Any CPU
		Release|Any CPU = Release|Any CPU
	EndGlobalSection
	GlobalSection(ProjectConfigurationPlatforms) = postSolution
		{16E90417-8ED2-45F0-A489-F57F76DF8ED8}.Debug|Any CPU.ActiveCfg = Debug|Any CPU
		{16E90417-8ED2-45F0-A489-F57F76DF8ED8}.Debug|Any CPU.Build.0 = Debug|Any CPU
		{16E90417-8ED2-45F0-A489-F57F76DF8ED8}.Release|Any CPU.ActiveCfg = Release|Any CPU
		{16E90417-8ED2-45F0-A489-F57F76DF8ED8}.Release|Any CPU.Build.0 = Release|Any CPU
	EndGlobalSection
	GlobalSection(SolutionProperties) = preSolution
		HideSolutionNode = FALSE
	EndGlobalSection
	GlobalSection(ExtensibilityGlobals) = postSolution
		SolutionGuid = {EB600D86-E649-4C31-908C-8F72610F6008}
	EndGlobalSection
EndGlobal
